{
  "name": "bots_video_maker_js",
  "version": "1.0.0",
  "lockfileVersion": 2,
  "requires": true,
  "packages": {
    "": {
      "version": "1.0.0",
      "license": "ISC",
      "dependencies": {
        "algorithmia": "^0.3.10",
        "readline-sync": "^1.4.10"
      }
    },
    "node_modules/algorithmia": {
      "version": "0.3.10",
      "resolved": "https://registry.npmjs.org/algorithmia/-/algorithmia-0.3.10.tgz",
      "integrity": "sha1-9xwgqf9WRmCk0c9zlHmV123jRQw="
    },
    "node_modules/readline-sync": {
      "version": "1.4.10",
      "resolved": "https://registry.npmjs.org/readline-sync/-/readline-sync-1.4.10.tgz",
      "integrity": "sha512-gNva8/6UAe8QYepIQH/jQ2qn91Qj0B9sYjMBBs3QOB8F2CXcKgLxQaJRP76sWVRQt+QU+8fAkCbCvjjMFu7Ycw==",
      "engines": {
        "node": ">= 0.8.0"
      }
    }
  },
  "dependencies": {
    "algorithmia": {
      "version": "0.3.10",
      "resolved": "https://registry.npmjs.org/algorithmia/-/algorithmia-0.3.10.tgz",
      "integrity": "sha1-9xwgqf9WRmCk0c9zlHmV123jRQw="
    },
    "readline-sync": {
      "version": "1.4.10",
      "resolved": "https://registry.npmjs.org/readline-sync/-/readline-sync-1.4.10.tgz",
      "integrity": "sha512-gNva8/6UAe8QYepIQH/jQ2qn91Qj0B9sYjMBBs3QOB8F2CXcKgLxQaJRP76sWVRQt+QU+8fAkCbCvjjMFu7Ycw=="
    }
  }
}
